
Microsoft Visual Studio Solution File, Format Version 12.00
# Visual Studio Version 16
VisualStudioVersion = 16.0.29020.237
MinimumVisualStudioVersion = 10.0.40219.1
Project("{FAE04EC0-301F-11D3-BF4B-00C04F79EFBC}") = "ATMProject", "ATMProject\ATMProject.csproj", "{719FC527-0CE3-45F3-8157-96D5FC18B69A}"
EndProject
Global
	GlobalSection(SolutionConfigurationPlatforms) = preSolution
		Debug|Any CPU = Debug|Any CPU
		Release|Any CPU = Release|Any CPU
	EndGlobalSection
	GlobalSection(ProjectConfigurationPlatforms) = postSolution
		{719FC527-0CE3-45F3-8157-96D5FC18B69A}.Debug|Any CPU.ActiveCfg = Debug|Any CPU
		{719FC527-0CE3-45F3-8157-96D5FC18B69A}.Debug|Any CPU.Build.0 = Debug|Any CPU
		{719FC527-0CE3-45F3-8157-96D5FC18B69A}.Release|Any CPU.ActiveCfg = Release|Any CPU
		{719FC527-0CE3-45F3-8157-96D5FC18B69A}.Release|Any CPU.Build.0 = Release|Any CPU
	EndGlobalSection
	GlobalSection(SolutionProperties) = preSolution
		HideSolutionNode = FALSE
	EndGlobalSection
	GlobalSection(ExtensibilityGlobals) = postSolution
		SolutionGuid = {49E636A8-B36B-489F-97AA-E3E148B40D31}
	EndGlobalSection
EndGlobal
